{
	"name": "w3gv",
	"version": "0.0.1",
	"lockfileVersion": 1,
	"requires": true,
	"dependencies": {
		"binary-parser": {
			"version": "1.3.2",
			"resolved": "https://nexus.qa.whoop.com/repository/npm-group/binary-parser/-/binary-parser-1.3.2.tgz",
			"integrity": "sha512-VDhHcpeF1/ZZy1XvDmYD67bBjRNm1gacw+772xNd5BnTH6ax5TzlDV5dl7216/UlQXQoN9vug07ehk7e0PhNUw=="
		},
		"lodash": {
			"version": "4.17.11",
			"resolved": "https://registry.npmjs.org/lodash/-/lodash-4.17.11.tgz",
			"integrity": "sha512-cQKh8igo5QUhZ7lg38DYWAxMvjSAKG0A8wGSVimP07SIUEK2UO+arSRKbRZWtelMtN5V0Hkwh5ryOto/SshYIg==",
			"dev": true
		},
		"moment": {
			"version": "2.24.0",
			"resolved": "https://registry.npmjs.org/moment/-/moment-2.24.0.tgz",
			"integrity": "sha512-bV7f+6l2QigeBBZSM/6yTNq4P2fNpSWj/0e7jQcy87A8e7o2nAfP/34/2ky5Vw4B9S446EtIhodAzkFCcR4dQg==",
			"dev": true
		},
		"simple-node-logger": {
			"version": "18.12.22",
			"resolved": "https://registry.npmjs.org/simple-node-logger/-/simple-node-logger-18.12.22.tgz",
			"integrity": "sha512-eeg8W6ngpwY6VRhAstVCEGmqTLVRGJ0o7fVnFXgjh8I46dhMGanh/2xE+rJGsl2nfcF/FV2kWj9ME7pIwezchA==",
			"dev": true,
			"requires": {
				"lodash": ">=4.17.11",
				"moment": "^2.20.1"
			}
		},
		"w3gjs": {
			"version": "github:anXieTyPB/w3gjs#06722a8ee507700cc0a763731ff62133b9665221",
			"from": "github:anXieTyPB/w3gjs#master",
			"requires": {
				"binary-parser": "^1.3.2"
			}
		}
	}
}
