{
	"name": "w3gv",
	"version": "0.0.1",
	"lockfileVersion": 1,
	"requires": true,
	"dependencies": {
		"binary-parser": {
			"version": "1.4.0",
			"resolved": "https://registry.npmjs.org/binary-parser/-/binary-parser-1.4.0.tgz",
			"integrity": "sha512-z4TOFQFy5YzhEy50mM+WV6BRu3xo0Vpe5qEtVwnUZkhibuNrPKkBXTpzSs2xcSW6TMVeXas77fEsEVV+lj4/iw=="
		},
		"w3gjs": {
			"version": "1.1.2",
			"resolved": "https://registry.npmjs.org/w3gjs/-/w3gjs-1.1.2.tgz",
			"integrity": "sha512-JRZkb7k0yLYtYPaOHF+5uXcp6iKdSDWA4oRh8jOpkHpWOF+nwpat8BHgF57y9PGmmD1S/bQQEvF0yDY2xJrEaA==",
			"requires": {
				"binary-parser": "^1.3.2"
			}
		}
	}
}
